{"1.2.0",
[{<<"gproc">>,{pkg,<<"gproc">>,<<"1.0.0">>},1},
 {<<"mapreduce">>,
  {git,"git@github.com:dawids21/erlang-mapreduce.git",
       {ref,"f76bece0a173dd34b21a76e3ba24c30028c8619f"}},
  0}]}.
[
{pkg_hash,[
 {<<"gproc">>, <<"AA9EC57F6C9FF065B16D96924168D7C7157CD1FD457680EFE4B1274F456FA500">>}]},
{pkg_hash_ext,[
 {<<"gproc">>, <<"109F253C2787DE8A371A51179D4973230CBEC6239EE673FA12216A5CE7E4F902">>}]}
].
